
Microsoft Visual Studio Solution File, Format Version 12.00
# Visual Studio Version 17
VisualStudioVersion = 17.5.002.0
MinimumVisualStudioVersion = 10.0.40219.1
Project("{9A19103F-16F7-4668-BE54-9A1E7A4F7556}") = "id-472702", "id-472702.csproj", "{B97B141C-5E68-4085-8E79-4F9DE5A99B99}"
EndProject
Global
	GlobalSection(SolutionConfigurationPlatforms) = preSolution
		Debug|Any CPU = Debug|Any CPU
		Release|Any CPU = Release|Any CPU
	EndGlobalSection
	GlobalSection(ProjectConfigurationPlatforms) = postSolution
		{B97B141C-5E68-4085-8E79-4F9DE5A99B99}.Debug|Any CPU.ActiveCfg = Debug|Any CPU
		{B97B141C-5E68-4085-8E79-4F9DE5A99B99}.Debug|Any CPU.Build.0 = Debug|Any CPU
		{B97B141C-5E68-4085-8E79-4F9DE5A99B99}.Release|Any CPU.ActiveCfg = Release|Any CPU
		{B97B141C-5E68-4085-8E79-4F9DE5A99B99}.Release|Any CPU.Build.0 = Release|Any CPU
	EndGlobalSection
	GlobalSection(SolutionProperties) = preSolution
		HideSolutionNode = FALSE
	EndGlobalSection
	GlobalSection(ExtensibilityGlobals) = postSolution
		SolutionGuid = {8692CB4C-76F8-46C5-99A4-B52DEED3551F}
	EndGlobalSection
EndGlobal
